
Microsoft Visual Studio Solution File, Format Version 12.00
# Visual Studio Version 16
VisualStudioVersion = 16.0.31911.196
MinimumVisualStudioVersion = 10.0.40219.1
Project("{FAE04EC0-301F-11D3-BF4B-00C04F79EFBC}") = "WebApplication1", "WebApplication1\WebApplication1.csproj", "{BCC3004F-9308-491E-A2A6-7C2BE23FFBC9}"
EndProject
Global
	GlobalSection(SolutionConfigurationPlatforms) = preSolution
		Debug|Any CPU = Debug|Any CPU
		Release|Any CPU = Release|Any CPU
	EndGlobalSection
	GlobalSection(ProjectConfigurationPlatforms) = postSolution
		{BCC3004F-9308-491E-A2A6-7C2BE23FFBC9}.Debug|Any CPU.ActiveCfg = Debug|Any CPU
		{BCC3004F-9308-491E-A2A6-7C2BE23FFBC9}.Debug|Any CPU.Build.0 = Debug|Any CPU
		{BCC3004F-9308-491E-A2A6-7C2BE23FFBC9}.Release|Any CPU.ActiveCfg = Release|Any CPU
		{BCC3004F-9308-491E-A2A6-7C2BE23FFBC9}.Release|Any CPU.Build.0 = Release|Any CPU
	EndGlobalSection
	GlobalSection(SolutionProperties) = preSolution
		HideSolutionNode = FALSE
	EndGlobalSection
	GlobalSection(ExtensibilityGlobals) = postSolution
		SolutionGuid = {D418FC33-0AF4-44D1-88A7-0A26F79DBBEA}
	EndGlobalSection
EndGlobal
